
Microsoft Visual Studio Solution File, Format Version 12.00
# Visual Studio Version 17
VisualStudioVersion = 17.8.34212.112
MinimumVisualStudioVersion = 10.0.40219.1
Project("{FAE04EC0-301F-11D3-BF4B-00C04F79EFBC}") = "AuthenticationExample", "AuthenticationExample\AuthenticationExample.csproj", "{FE5886B5-744F-417E-A6C5-C80EFCC56BBD}"
EndProject
Global
	GlobalSection(SolutionConfigurationPlatforms) = preSolution
		Debug|Any CPU = Debug|Any CPU
		Release|Any CPU = Release|Any CPU
	EndGlobalSection
	GlobalSection(ProjectConfigurationPlatforms) = postSolution
		{FE5886B5-744F-417E-A6C5-C80EFCC56BBD}.Debug|Any CPU.ActiveCfg = Debug|Any CPU
		{FE5886B5-744F-417E-A6C5-C80EFCC56BBD}.Debug|Any CPU.Build.0 = Debug|Any CPU
		{FE5886B5-744F-417E-A6C5-C80EFCC56BBD}.Release|Any CPU.ActiveCfg = Release|Any CPU
		{FE5886B5-744F-417E-A6C5-C80EFCC56BBD}.Release|Any CPU.Build.0 = Release|Any CPU
	EndGlobalSection
	GlobalSection(SolutionProperties) = preSolution
		HideSolutionNode = FALSE
	EndGlobalSection
	GlobalSection(ExtensibilityGlobals) = postSolution
		SolutionGuid = {ED6CE923-BECE-4D84-9479-399B2A8609FF}
	EndGlobalSection
EndGlobal
